{
  "name": "REACTJS_LEARNING",
  "lockfileVersion": 3,
  "requires": true,
  "packages": {
    "": {
      "dependencies": {
        "bun": "^1.1.32"
      }
    },
    "node_modules/@oven/bun-darwin-aarch64": {
      "version": "1.1.32",
      "resolved": "https://registry.npmjs.org/@oven/bun-darwin-aarch64/-/bun-darwin-aarch64-1.1.32.tgz",
      "integrity": "sha512-/5lu8RJB/iEoC9pzFOCZLCEmNsEI3DEEyxfItZpih/piNOFhCYmoMvm7mM0YXqSc7pfxYaKukEZEHGeIOiu/3Q==",
      "cpu": [
        "arm64"
      ],
      "license": "MIT",
      "optional": true,
      "os": [
        "darwin"
      ]
    },
    "node_modules/@oven/bun-darwin-x64": {
      "version": "1.1.32",
      "resolved": "https://registry.npmjs.org/@oven/bun-darwin-x64/-/bun-darwin-x64-1.1.32.tgz",
      "integrity": "sha512-Slk4QFHcqZ94mnNlzsCG/9m+gET0mpi13bfizRGv8QNRku8mQTs9brN5XvovYrP5t0rfaZDFMOoaOs6wk6rcDg==",
      "cpu": [
        "x64"
      ],
      "license": "MIT",
      "optional": true,
      "os": [
        "darwin"
      ]
    },
    "node_modules/@oven/bun-darwin-x64-baseline": {
      "version": "1.1.32",
      "resolved": "https://registry.npmjs.org/@oven/bun-darwin-x64-baseline/-/bun-darwin-x64-baseline-1.1.32.tgz",
      "integrity": "sha512-XRP+APoLxrXznL7BEHipAdDu0Mn1RwD9PsaqFu1Be5Dbyi+2bYICuTiN1W9vfZNN3kK8eTyniT7kjwLSTcHbEg==",
      "cpu": [
        "x64"
      ],
      "license": "MIT",
      "optional": true,
      "os": [
        "darwin"
      ]
    },
    "node_modules/@oven/bun-linux-aarch64": {
      "version": "1.1.32",
      "resolved": "https://registry.npmjs.org/@oven/bun-linux-aarch64/-/bun-linux-aarch64-1.1.32.tgz",
      "integrity": "sha512-7QdyRCiLHb1MuwDH7iir5xD6gTKWlvMGxvcQhbY/U1djqG/gft4+PaJrSJQcVhqRb143mrMNXIhTgc84O6htMw==",
      "cpu": [
        "arm64"
      ],
      "license": "MIT",
      "optional": true,
      "os": [
        "linux"
      ]
    },
    "node_modules/@oven/bun-linux-x64": {
      "version": "1.1.32",
      "resolved": "https://registry.npmjs.org/@oven/bun-linux-x64/-/bun-linux-x64-1.1.32.tgz",
      "integrity": "sha512-JgsQ1ZXKmovQNzf4YdA3WDZVrtEbMlbL43Yjcczovy6lDrhSZkTu1GjzMm5JQnuqNwBC4/eSIgVL27J1Pj6nlA==",
      "cpu": [
        "x64"
      ],
      "license": "MIT",
      "optional": true,
      "os": [
        "linux"
      ]
    },
    "node_modules/@oven/bun-linux-x64-baseline": {
      "version": "1.1.32",
      "resolved": "https://registry.npmjs.org/@oven/bun-linux-x64-baseline/-/bun-linux-x64-baseline-1.1.32.tgz",
      "integrity": "sha512-zvXOAUTc6cOlUR26NEwh3isV+z2EW4QxFiWoxgvM7eIuZMnZjV22+H+dEzVKJzV58XgfPX//fEPi3Xjg4xXdMA==",
      "cpu": [
        "x64"
      ],
      "license": "MIT",
      "optional": true,
      "os": [
        "linux"
      ]
    },
    "node_modules/@oven/bun-windows-x64": {
      "version": "1.1.32",
      "resolved": "https://registry.npmjs.org/@oven/bun-windows-x64/-/bun-windows-x64-1.1.32.tgz",
      "integrity": "sha512-grzRSH/9YIKWUHumygtG9Aen04wJv+v6lbmTvqsfcc/1/BJJFCLf+69EN3PINAIisih1hycxGa9eleVxjL0fqg==",
      "cpu": [
        "x64"
      ],
      "license": "MIT",
      "optional": true,
      "os": [
        "win32"
      ]
    },
    "node_modules/@oven/bun-windows-x64-baseline": {
      "version": "1.1.32",
      "resolved": "https://registry.npmjs.org/@oven/bun-windows-x64-baseline/-/bun-windows-x64-baseline-1.1.32.tgz",
      "integrity": "sha512-0DgP99AcBfKz3OCS5qO2/8e5TgNhBq8ZiNbPJzQaF4QOpS/Rt+mvFcQUa8x5gTOUPHH9ciaMz0IEs2Qv42eoAw==",
      "cpu": [
        "x64"
      ],
      "license": "MIT",
      "optional": true,
      "os": [
        "win32"
      ]
    },
    "node_modules/bun": {
      "version": "1.1.32",
      "resolved": "https://registry.npmjs.org/bun/-/bun-1.1.32.tgz",
      "integrity": "sha512-W+UO0ihRmDHscmTfQAoPPaFLqLaloyBdAIr2iX70v3Vgo+7ZiKeyj7Aa4YDWStxQQmlzD5JP3NG/5TSWAK+1WQ==",
      "cpu": [
        "arm64",
        "x64"
      ],
      "hasInstallScript": true,
      "license": "MIT",
      "os": [
        "darwin",
        "linux",
        "win32"
      ],
      "bin": {
        "bun": "bin/bun.exe",
        "bunx": "bin/bun.exe"
      },
      "optionalDependencies": {
        "@oven/bun-darwin-aarch64": "1.1.32",
        "@oven/bun-darwin-x64": "1.1.32",
        "@oven/bun-darwin-x64-baseline": "1.1.32",
        "@oven/bun-linux-aarch64": "1.1.32",
        "@oven/bun-linux-x64": "1.1.32",
        "@oven/bun-linux-x64-baseline": "1.1.32",
        "@oven/bun-windows-x64": "1.1.32",
        "@oven/bun-windows-x64-baseline": "1.1.32"
      }
    }
  }
}
